// !$*UTF8*$!
{
	archiveVersion = 1;
	classes = {
	};
	objectVersion = 55;
	objects = {

/* Begin PBXBuildFile section */
		72B3A38F285E30CC00A4D58C /* AppDelegate.swift in Sources */ = {isa = PBXBuildFile; fileRef = 72B3A38E285E30CC00A4D58C /* AppDelegate.swift */; };
		72B3A391285E30CC00A4D58C /* SceneDelegate.swift in Sources */ = {isa = PBXBuildFile; fileRef = 72B3A390285E30CC00A4D58C /* SceneDelegate.swift */; };
		72B3A396285E30CC00A4D58C /* Main.storyboard in Resources */ = {isa = PBXBuildFile; fileRef = 72B3A394285E30CC00A4D58C /* Main.storyboard */; };
		72B3A398285E30CD00A4D58C /* Assets.xcassets in Resources */ = {isa = PBXBuildFile; fileRef = 72B3A397285E30CD00A4D58C /* Assets.xcassets */; };
		72B3A39B285E30CD00A4D58C /* LaunchScreen.storyboard in Resources */ = {isa = PBXBuildFile; fileRef = 72B3A399285E30CD00A4D58C /* LaunchScreen.storyboard */; };
		72B3A3A6285E319100A4D58C /* WelcomeViewController.swift in Sources */ = {isa = PBXBuildFile; fileRef = 72B3A3A5285E319100A4D58C /* WelcomeViewController.swift */; };
		72B3A3A8285E31C100A4D58C /* RegisterViewController.swift in Sources */ = {isa = PBXBuildFile; fileRef = 72B3A3A7285E31C100A4D58C /* RegisterViewController.swift */; };
		72B3A3AA285E31FD00A4D58C /* LoginViewController.swift in Sources */ = {isa = PBXBuildFile; fileRef = 72B3A3A9285E31FD00A4D58C /* LoginViewController.swift */; };
		72B3A3AC285E321400A4D58C /* ChatViewController.swift in Sources */ = {isa = PBXBuildFile; fileRef = 72B3A3AB285E321400A4D58C /* ChatViewController.swift */; };
		72B3A3AE285F3A9E00A4D58C /* GoogleService-Info.plist in Resources */ = {isa = PBXBuildFile; fileRef = 72B3A3AD285F3A9E00A4D58C /* GoogleService-Info.plist */; };
		72B3A3B0285FA4E900A4D58C /* Constants.swift in Sources */ = {isa = PBXBuildFile; fileRef = 72B3A3AF285FA4E900A4D58C /* Constants.swift */; };
		72B3A3B2285FB25500A4D58C /* Message.swift in Sources */ = {isa = PBXBuildFile; fileRef = 72B3A3B1285FB25500A4D58C /* Message.swift */; };
		72B3A3B9285FB9D600A4D58C /* MessageCell.swift in Sources */ = {isa = PBXBuildFile; fileRef = 72B3A3B7285FB9D600A4D58C /* MessageCell.swift */; };
		72B3A3BA285FB9D600A4D58C /* MessageCell.xib in Resources */ = {isa = PBXBuildFile; fileRef = 72B3A3B8285FB9D600A4D58C /* MessageCell.xib */; };
		B04B723331B88005C268A24C /* Pods_Flash_Chat.framework in Frameworks */ = {isa = PBXBuildFile; fileRef = D5E848C0A70E50451597DBF6 /* Pods_Flash_Chat.framework */; };
/* End PBXBuildFile section */

/* Begin PBXFileReference section */
		2C96F46CEF1E641AFC95E2ED /* Pods-Flash Chat.release.xcconfig */ = {isa = PBXFileReference; includeInIndex = 1; lastKnownFileType = text.xcconfig; name = "Pods-Flash Chat.release.xcconfig"; path = "Target Support Files/Pods-Flash Chat/Pods-Flash Chat.release.xcconfig"; sourceTree = "<group>"; };
		72B3A38B285E30CC00A4D58C /* Flash Chat.app */ = {isa = PBXFileReference; explicitFileType = wrapper.application; includeInIndex = 0; path = "Flash Chat.app"; sourceTree = BUILT_PRODUCTS_DIR; };
		72B3A38E285E30CC00A4D58C /* AppDelegate.swift */ = {isa = PBXFileReference; lastKnownFileType = sourcecode.swift; path = AppDelegate.swift; sourceTree = "<group>"; };
		72B3A390285E30CC00A4D58C /* SceneDelegate.swift */ = {isa = PBXFileReference; lastKnownFileType = sourcecode.swift; path = SceneDelegate.swift; sourceTree = "<group>"; };
		72B3A395285E30CC00A4D58C /* Base */ = {isa = PBXFileReference; lastKnownFileType = file.storyboard; name = Base; path = Base.lproj/Main.storyboard; sourceTree = "<group>"; };
		72B3A397285E30CD00A4D58C /* Assets.xcassets */ = {isa = PBXFileReference; lastKnownFileType = folder.assetcatalog; path = Assets.xcassets; sourceTree = "<group>"; };
		72B3A39A285E30CD00A4D58C /* Base */ = {isa = PBXFileReference; lastKnownFileType = file.storyboard; name = Base; path = Base.lproj/LaunchScreen.storyboard; sourceTree = "<group>"; };
		72B3A39C285E30CD00A4D58C /* Info.plist */ = {isa = PBXFileReference; lastKnownFileType = text.plist.xml; path = Info.plist; sourceTree = "<group>"; };
		72B3A3A5285E319100A4D58C /* WelcomeViewController.swift */ = {isa = PBXFileReference; lastKnownFileType = sourcecode.swift; path = WelcomeViewController.swift; sourceTree = "<group>"; };
		72B3A3A7285E31C100A4D58C /* RegisterViewController.swift */ = {isa = PBXFileReference; lastKnownFileType = sourcecode.swift; path = RegisterViewController.swift; sourceTree = "<group>"; };
		72B3A3A9285E31FD00A4D58C /* LoginViewController.swift */ = {isa = PBXFileReference; lastKnownFileType = sourcecode.swift; path = LoginViewController.swift; sourceTree = "<group>"; };
		72B3A3AB285E321400A4D58C /* ChatViewController.swift */ = {isa = PBXFileReference; lastKnownFileType = sourcecode.swift; path = ChatViewController.swift; sourceTree = "<group>"; };
		72B3A3AD285F3A9E00A4D58C /* GoogleService-Info.plist */ = {isa = PBXFileReference; fileEncoding = 4; lastKnownFileType = text.plist.xml; name = "GoogleService-Info.plist"; path = "../../../Downloads/GoogleService-Info.plist"; sourceTree = "<group>"; };
		72B3A3AF285FA4E900A4D58C /* Constants.swift */ = {isa = PBXFileReference; lastKnownFileType = sourcecode.swift; path = Constants.swift; sourceTree = "<group>"; };
		72B3A3B1285FB25500A4D58C /* Message.swift */ = {isa = PBXFileReference; lastKnownFileType = sourcecode.swift; path = Message.swift; sourceTree = "<group>"; };
		72B3A3B7285FB9D600A4D58C /* MessageCell.swift */ = {isa = PBXFileReference; lastKnownFileType = sourcecode.swift; path = MessageCell.swift; sourceTree = "<group>"; };
		72B3A3B8285FB9D600A4D58C /* MessageCell.xib */ = {isa = PBXFileReference; lastKnownFileType = file.xib; path = MessageCell.xib; sourceTree = "<group>"; };
		78BA42081A95CB5F0533913F /* Pods-Flash Chat.debug.xcconfig */ = {isa = PBXFileReference; includeInIndex = 1; lastKnownFileType = text.xcconfig; name = "Pods-Flash Chat.debug.xcconfig"; path = "Target Support Files/Pods-Flash Chat/Pods-Flash Chat.debug.xcconfig"; sourceTree = "<group>"; };
		D5E848C0A70E50451597DBF6 /* Pods_Flash_Chat.framework */ = {isa = PBXFileReference; explicitFileType = wrapper.framework; includeInIndex = 0; path = Pods_Flash_Chat.framework; sourceTree = BUILT_PRODUCTS_DIR; };
/* End PBXFileReference section */

/* Begin PBXFrameworksBuildPhase section */
		72B3A388285E30CC00A4D58C /* Frameworks */ = {
			isa = PBXFrameworksBuildPhase;
			buildActionMask = 2147483647;
			files = (
				B04B723331B88005C268A24C /* Pods_Flash_Chat.framework in Frameworks */,
			);
			runOnlyForDeploymentPostprocessing = 0;
		};
/* End PBXFrameworksBuildPhase section */

/* Begin PBXGroup section */
		72B3A382285E30CC00A4D58C = {
			isa = PBXGroup;
			children = (
				72B3A38D285E30CC00A4D58C /* Flash Chat */,
				72B3A38C285E30CC00A4D58C /* Products */,
				BC0A97C3847139C6B861B998 /* Pods */,
				AC51AB0F8CC68D7AEE3B1007 /* Frameworks */,
			);
			sourceTree = "<group>";
		};
		72B3A38C285E30CC00A4D58C /* Products */ = {
			isa = PBXGroup;
			children = (
				72B3A38B285E30CC00A4D58C /* Flash Chat.app */,
			);
			name = Products;
			sourceTree = "<group>";
		};
		72B3A38D285E30CC00A4D58C /* Flash Chat */ = {
			isa = PBXGroup;
			children = (
				72B3A3A4285E30EC00A4D58C /* Controller */,
				72B3A3A3285E30E600A4D58C /* View */,
				72B3A3A2285E30D800A4D58C /* Model */,
				72B3A38E285E30CC00A4D58C /* AppDelegate.swift */,
				72B3A390285E30CC00A4D58C /* SceneDelegate.swift */,
				72B3A397285E30CD00A4D58C /* Assets.xcassets */,
				72B3A399285E30CD00A4D58C /* LaunchScreen.storyboard */,
				72B3A3AD285F3A9E00A4D58C /* GoogleService-Info.plist */,
				72B3A39C285E30CD00A4D58C /* Info.plist */,
				72B3A3AF285FA4E900A4D58C /* Constants.swift */,
			);
			path = "Flash Chat";
			sourceTree = "<group>";
		};
		72B3A3A2285E30D800A4D58C /* Model */ = {
			isa = PBXGroup;
			children = (
				72B3A3B1285FB25500A4D58C /* Message.swift */,
			);
			path = Model;
			sourceTree = "<group>";
		};
		72B3A3A3285E30E600A4D58C /* View */ = {
			isa = PBXGroup;
			children = (
				72B3A394285E30CC00A4D58C /* Main.storyboard */,
				72B3A3B7285FB9D600A4D58C /* MessageCell.swift */,
				72B3A3B8285FB9D600A4D58C /* MessageCell.xib */,
			);
			path = View;
			sourceTree = "<group>";
		};
		72B3A3A4285E30EC00A4D58C /* Controller */ = {
			isa = PBXGroup;
			children = (
				72B3A3A5285E319100A4D58C /* WelcomeViewController.swift */,
				72B3A3A7285E31C100A4D58C /* RegisterViewController.swift */,
				72B3A3A9285E31FD00A4D58C /* LoginViewController.swift */,
				72B3A3AB285E321400A4D58C /* ChatViewController.swift */,
			);
			path = Controller;
			sourceTree = "<group>";
		};
		AC51AB0F8CC68D7AEE3B1007 /* Frameworks */ = {
			isa = PBXGroup;
			children = (
				D5E848C0A70E50451597DBF6 /* Pods_Flash_Chat.framework */,
			);
			name = Frameworks;
			sourceTree = "<group>";
		};
		BC0A97C3847139C6B861B998 /* Pods */ = {
			isa = PBXGroup;
			children = (
				78BA42081A95CB5F0533913F /* Pods-Flash Chat.debug.xcconfig */,
				2C96F46CEF1E641AFC95E2ED /* Pods-Flash Chat.release.xcconfig */,
			);
			path = Pods;
			sourceTree = "<group>";
		};
/* End PBXGroup section */

/* Begin PBXNativeTarget section */
		72B3A38A285E30CC00A4D58C /* Flash Chat */ = {
			isa = PBXNativeTarget;
			buildConfigurationList = 72B3A39F285E30CD00A4D58C /* Build configuration list for PBXNativeTarget "Flash Chat" */;
			buildPhases = (
				222E19137B4E59B02BCFF841 /* [CP] Check Pods Manifest.lock */,
				72B3A387285E30CC00A4D58C /* Sources */,
				72B3A388285E30CC00A4D58C /* Frameworks */,
				72B3A389285E30CC00A4D58C /* Resources */,
				5CC044CF08D9CDE635ABEF0D /* [CP] Embed Pods Frameworks */,
			);
			buildRules = (
			);
			dependencies = (
			);
			name = "Flash Chat";
			productName = "Flash Chat";
			productReference = 72B3A38B285E30CC00A4D58C /* Flash Chat.app */;
			productType = "com.apple.product-type.application";
		};
/* End PBXNativeTarget section */

/* Begin PBXProject section */
		72B3A383285E30CC00A4D58C /* Project object */ = {
			isa = PBXProject;
			attributes = {
				BuildIndependentTargetsInParallel = 1;
				LastSwiftUpdateCheck = 1340;
				LastUpgradeCheck = 1340;
				TargetAttributes = {
					72B3A38A285E30CC00A4D58C = {
						CreatedOnToolsVersion = 13.4;
					};
				};
			};
			buildConfigurationList = 72B3A386285E30CC00A4D58C /* Build configuration list for PBXProject "Flash Chat" */;
			compatibilityVersion = "Xcode 13.0";
			developmentRegion = en;
			hasScannedForEncodings = 0;
			knownRegions = (
				en,
				Base,
			);
			mainGroup = 72B3A382285E30CC00A4D58C;
			productRefGroup = 72B3A38C285E30CC00A4D58C /* Products */;
			projectDirPath = "";
			projectRoot = "";
			targets = (
				72B3A38A285E30CC00A4D58C /* Flash Chat */,
			);
		};
/* End PBXProject section */

/* Begin PBXResourcesBuildPhase section */
		72B3A389285E30CC00A4D58C /* Resources */ = {
			isa = PBXResourcesBuildPhase;
			buildActionMask = 2147483647;
			files = (
				72B3A3BA285FB9D600A4D58C /* MessageCell.xib in Resources */,
				72B3A39B285E30CD00A4D58C /* LaunchScreen.storyboard in Resources */,
				72B3A3AE285F3A9E00A4D58C /* GoogleService-Info.plist in Resources */,
				72B3A398285E30CD00A4D58C /* Assets.xcassets in Resources */,
				72B3A396285E30CC00A4D58C /* Main.storyboard in Resources */,
			);
			runOnlyForDeploymentPostprocessing = 0;
		};
/* End PBXResourcesBuildPhase section */

/* Begin PBXShellScriptBuildPhase section */
		222E19137B4E59B02BCFF841 /* [CP] Check Pods Manifest.lock */ = {
			isa = PBXShellScriptBuildPhase;
			buildActionMask = 2147483647;
			files = (
			);
			inputFileListPaths = (
			);
			inputPaths = (
				"${PODS_PODFILE_DIR_PATH}/Podfile.lock",
				"${PODS_ROOT}/Manifest.lock",
			);
			name = "[CP] Check Pods Manifest.lock";
			outputFileListPaths = (
			);
			outputPaths = (
				"$(DERIVED_FILE_DIR)/Pods-Flash Chat-checkManifestLockResult.txt",
			);
			runOnlyForDeploymentPostprocessing = 0;
			shellPath = /bin/sh;
			shellScript = "diff \"${PODS_PODFILE_DIR_PATH}/Podfile.lock\" \"${PODS_ROOT}/Manifest.lock\" > /dev/null\nif [ $? != 0 ] ; then\n    # print error to STDERR\n    echo \"error: The sandbox is not in sync with the Podfile.lock. Run 'pod install' or update your CocoaPods installation.\" >&2\n    exit 1\nfi\n# This output is used by Xcode 'outputs' to avoid re-running this script phase.\necho \"SUCCESS\" > \"${SCRIPT_OUTPUT_FILE_0}\"\n";
			showEnvVarsInLog = 0;
		};
		5CC044CF08D9CDE635ABEF0D /* [CP] Embed Pods Frameworks */ = {
			isa = PBXShellScriptBuildPhase;
			buildActionMask = 2147483647;
			files = (
			);
			inputFileListPaths = (
				"${PODS_ROOT}/Target Support Files/Pods-Flash Chat/Pods-Flash Chat-frameworks-${CONFIGURATION}-input-files.xcfilelist",
			);
			name = "[CP] Embed Pods Frameworks";
			outputFileListPaths = (
				"${PODS_ROOT}/Target Support Files/Pods-Flash Chat/Pods-Flash Chat-frameworks-${CONFIGURATION}-output-files.xcfilelist",
			);
			runOnlyForDeploymentPostprocessing = 0;
			shellPath = /bin/sh;
			shellScript = "\"${PODS_ROOT}/Target Support Files/Pods-Flash Chat/Pods-Flash Chat-frameworks.sh\"\n";
			showEnvVarsInLog = 0;
		};
/* End PBXShellScriptBuildPhase section */

/* Begin PBXSourcesBuildPhase section */
		72B3A387285E30CC00A4D58C /* Sources */ = {
			isa = PBXSourcesBuildPhase;
			buildActionMask = 2147483647;
			files = (
				72B3A3A6285E319100A4D58C /* WelcomeViewController.swift in Sources */,
				72B3A38F285E30CC00A4D58C /* AppDelegate.swift in Sources */,
				72B3A391285E30CC00A4D58C /* SceneDelegate.swift in Sources */,
				72B3A3AA285E31FD00A4D58C /* LoginViewController.swift in Sources */,
				72B3A3B0285FA4E900A4D58C /* Constants.swift in Sources */,
				72B3A3B2285FB25500A4D58C /* Message.swift in Sources */,
				72B3A3AC285E321400A4D58C /* ChatViewController.swift in Sources */,
				72B3A3A8285E31C100A4D58C /* RegisterViewController.swift in Sources */,
				72B3A3B9285FB9D600A4D58C /* MessageCell.swift in Sources */,
			);
			runOnlyForDeploymentPostprocessing = 0;
		};
/* End PBXSourcesBuildPhase section */

/* Begin PBXVariantGroup section */
		72B3A394285E30CC00A4D58C /* Main.storyboard */ = {
			isa = PBXVariantGroup;
			children = (
				72B3A395285E30CC00A4D58C /* Base */,
			);
			name = Main.storyboard;
			sourceTree = "<group>";
		};
		72B3A399285E30CD00A4D58C /* LaunchScreen.storyboard */ = {
			isa = PBXVariantGroup;
			children = (
				72B3A39A285E30CD00A4D58C /* Base */,
			);
			name = LaunchScreen.storyboard;
			sourceTree = "<group>";
		};
/* End PBXVariantGroup section */

/* Begin XCBuildConfiguration section */
		72B3A39D285E30CD00A4D58C /* Debug */ = {
			isa = XCBuildConfiguration;
			buildSettings = {
				ALWAYS_SEARCH_USER_PATHS = NO;
				CLANG_ANALYZER_NONNULL = YES;
				CLANG_ANALYZER_NUMBER_OBJECT_CONVERSION = YES_AGGRESSIVE;
				CLANG_CXX_LANGUAGE_STANDARD = "gnu++17";
				CLANG_ENABLE_MODULES = YES;
				CLANG_ENABLE_OBJC_ARC = YES;
				CLANG_ENABLE_OBJC_WEAK = YES;
				CLANG_WARN_BLOCK_CAPTURE_AUTORELEASING = YES;
				CLANG_WARN_BOOL_CONVERSION = YES;
				CLANG_WARN_COMMA = YES;
				CLANG_WARN_CONSTANT_CONVERSION = YES;
				CLANG_WARN_DEPRECATED_OBJC_IMPLEMENTATIONS = YES;
				CLANG_WARN_DIRECT_OBJC_ISA_USAGE = YES_ERROR;
				CLANG_WARN_DOCUMENTATION_COMMENTS = YES;
				CLANG_WARN_EMPTY_BODY = YES;
				CLANG_WARN_ENUM_CONVERSION = YES;
				CLANG_WARN_INFINITE_RECURSION = YES;
				CLANG_WARN_INT_CONVERSION = YES;
				CLANG_WARN_NON_LITERAL_NULL_CONVERSION = YES;
				CLANG_WARN_OBJC_IMPLICIT_RETAIN_SELF = YES;
				CLANG_WARN_OBJC_LITERAL_CONVERSION = YES;
				CLANG_WARN_OBJC_ROOT_CLASS = YES_ERROR;
				CLANG_WARN_QUOTED_INCLUDE_IN_FRAMEWORK_HEADER = YES;
				CLANG_WARN_RANGE_LOOP_ANALYSIS = YES;
				CLANG_WARN_STRICT_PROTOTYPES = YES;
				CLANG_WARN_SUSPICIOUS_MOVE = YES;
				CLANG_WARN_UNGUARDED_AVAILABILITY = YES_AGGRESSIVE;
				CLANG_WARN_UNREACHABLE_CODE = YES;
				CLANG_WARN__DUPLICATE_METHOD_MATCH = YES;
				COPY_PHASE_STRIP = NO;
				DEBUG_INFORMATION_FORMAT = dwarf;
				ENABLE_STRICT_OBJC_MSGSEND = YES;
				ENABLE_TESTABILITY = YES;
				GCC_C_LANGUAGE_STANDARD = gnu11;
				GCC_DYNAMIC_NO_PIC = NO;
				GCC_NO_COMMON_BLOCKS = YES;
				GCC_OPTIMIZATION_LEVEL = 0;
				GCC_PREPROCESSOR_DEFINITIONS = (
					"DEBUG=1",
					"$(inherited)",
				);
				GCC_WARN_64_TO_32_BIT_CONVERSION = YES;
				GCC_WARN_ABOUT_RETURN_TYPE = YES_ERROR;
				GCC_WARN_UNDECLARED_SELECTOR = YES;
				GCC_WARN_UNINITIALIZED_AUTOS = YES_AGGRESSIVE;
				GCC_WARN_UNUSED_FUNCTION = YES;
				GCC_WARN_UNUSED_VARIABLE = YES;
				IPHONEOS_DEPLOYMENT_TARGET = 15.5;
				MTL_ENABLE_DEBUG_INFO = INCLUDE_SOURCE;
				MTL_FAST_MATH = YES;
				ONLY_ACTIVE_ARCH = YES;
				SDKROOT = iphoneos;
				SWIFT_ACTIVE_COMPILATION_CONDITIONS = DEBUG;
				SWIFT_OPTIMIZATION_LEVEL = "-Onone";
			};
			name = Debug;
		};
		72B3A39E285E30CD00A4D58C /* Release */ = {
			isa = XCBuildConfiguration;
			buildSettings = {
				ALWAYS_SEARCH_USER_PATHS = NO;
				CLANG_ANALYZER_NONNULL = YES;
				CLANG_ANALYZER_NUMBER_OBJECT_CONVERSION = YES_AGGRESSIVE;
				CLANG_CXX_LANGUAGE_STANDARD = "gnu++17";
				CLANG_ENABLE_MODULES = YES;
				CLANG_ENABLE_OBJC_ARC = YES;
				CLANG_ENABLE_OBJC_WEAK = YES;
				CLANG_WARN_BLOCK_CAPTURE_AUTORELEASING = YES;
				CLANG_WARN_BOOL_CONVERSION = YES;
				CLANG_WARN_COMMA = YES;
				CLANG_WARN_CONSTANT_CONVERSION = YES;
				CLANG_WARN_DEPRECATED_OBJC_IMPLEMENTATIONS = YES;
				CLANG_WARN_DIRECT_OBJC_ISA_USAGE = YES_ERROR;
				CLANG_WARN_DOCUMENTATION_COMMENTS = YES;
				CLANG_WARN_EMPTY_BODY = YES;
				CLANG_WARN_ENUM_CONVERSION = YES;
				CLANG_WARN_INFINITE_RECURSION = YES;
				CLANG_WARN_INT_CONVERSION = YES;
				CLANG_WARN_NON_LITERAL_NULL_CONVERSION = YES;
				CLANG_WARN_OBJC_IMPLICIT_RETAIN_SELF = YES;
				CLANG_WARN_OBJC_LITERAL_CONVERSION = YES;
				CLANG_WARN_OBJC_ROOT_CLASS = YES_ERROR;
				CLANG_WARN_QUOTED_INCLUDE_IN_FRAMEWORK_HEADER = YES;
				CLANG_WARN_RANGE_LOOP_ANALYSIS = YES;
				CLANG_WARN_STRICT_PROTOTYPES = YES;
				CLANG_WARN_SUSPICIOUS_MOVE = YES;
				CLANG_WARN_UNGUARDED_AVAILABILITY = YES_AGGRESSIVE;
				CLANG_WARN_UNREACHABLE_CODE = YES;
				CLANG_WARN__DUPLICATE_METHOD_MATCH = YES;
				COPY_PHASE_STRIP = NO;
				DEBUG_INFORMATION_FORMAT = "dwarf-with-dsym";
				ENABLE_NS_ASSERTIONS = NO;
				ENABLE_STRICT_OBJC_MSGSEND = YES;
				GCC_C_LANGUAGE_STANDARD = gnu11;
				GCC_NO_COMMON_BLOCKS = YES;
				GCC_WARN_64_TO_32_BIT_CONVERSION = YES;
				GCC_WARN_ABOUT_RETURN_TYPE = YES_ERROR;
				GCC_WARN_UNDECLARED_SELECTOR = YES;
				GCC_WARN_UNINITIALIZED_AUTOS = YES_AGGRESSIVE;
				GCC_WARN_UNUSED_FUNCTION = YES;
				GCC_WARN_UNUSED_VARIABLE = YES;
				IPHONEOS_DEPLOYMENT_TARGET = 15.5;
				MTL_ENABLE_DEBUG_INFO = NO;
				MTL_FAST_MATH = YES;
				SDKROOT = iphoneos;
				SWIFT_COMPILATION_MODE = wholemodule;
				SWIFT_OPTIMIZATION_LEVEL = "-O";
				VALIDATE_PRODUCT = YES;
			};
			name = Release;
		};
		72B3A3A0285E30CD00A4D58C /* Debug */ = {
			isa = XCBuildConfiguration;
			baseConfigurationReference = 78BA42081A95CB5F0533913F /* Pods-Flash Chat.debug.xcconfig */;
			buildSettings = {
				ASSETCATALOG_COMPILER_APPICON_NAME = AppIcon;
				ASSETCATALOG_COMPILER_GLOBAL_ACCENT_COLOR_NAME = AccentColor;
				CODE_SIGN_STYLE = Automatic;
				CURRENT_PROJECT_VERSION = 1;
				DEVELOPMENT_TEAM = U57U8F8A4N;
				GENERATE_INFOPLIST_FILE = YES;
				INFOPLIST_FILE = "Flash Chat/Info.plist";
				INFOPLIST_KEY_UIApplicationSupportsIndirectInputEvents = YES;
				INFOPLIST_KEY_UILaunchStoryboardName = LaunchScreen;
				INFOPLIST_KEY_UIMainStoryboardFile = Main;
				INFOPLIST_KEY_UISupportedInterfaceOrientations_iPad = "UIInterfaceOrientationPortrait UIInterfaceOrientationPortraitUpsideDown UIInterfaceOrientationLandscapeLeft UIInterfaceOrientationLandscapeRight";
				INFOPLIST_KEY_UISupportedInterfaceOrientations_iPhone = "UIInterfaceOrientationPortrait UIInterfaceOrientationLandscapeLeft UIInterfaceOrientationLandscapeRight";
				LD_RUNPATH_SEARCH_PATHS = (
					"$(inherited)",
					"@executable_path/Frameworks",
				);
				MARKETING_VERSION = 1.0;
				PRODUCT_BUNDLE_IDENTIFIER = "com.gmail.smabdirov99.Flash-Chat";
				PRODUCT_NAME = "$(TARGET_NAME)";
				SWIFT_EMIT_LOC_STRINGS = YES;
				SWIFT_VERSION = 5.0;
				TARGETED_DEVICE_FAMILY = "1,2";
			};
			name = Debug;
		};
		72B3A3A1285E30CD00A4D58C /* Release */ = {
			isa = XCBuildConfiguration;
			baseConfigurationReference = 2C96F46CEF1E641AFC95E2ED /* Pods-Flash Chat.release.xcconfig */;
			buildSettings = {
				ASSETCATALOG_COMPILER_APPICON_NAME = AppIcon;
				ASSETCATALOG_COMPILER_GLOBAL_ACCENT_COLOR_NAME = AccentColor;
				CODE_SIGN_STYLE = Automatic;
				CURRENT_PROJECT_VERSION = 1;
				DEVELOPMENT_TEAM = U57U8F8A4N;
				GENERATE_INFOPLIST_FILE = YES;
				INFOPLIST_FILE = "Flash Chat/Info.plist";
				INFOPLIST_KEY_UIApplicationSupportsIndirectInputEvents = YES;
				INFOPLIST_KEY_UILaunchStoryboardName = LaunchScreen;
				INFOPLIST_KEY_UIMainStoryboardFile = Main;
				INFOPLIST_KEY_UISupportedInterfaceOrientations_iPad = "UIInterfaceOrientationPortrait UIInterfaceOrientationPortraitUpsideDown UIInterfaceOrientationLandscapeLeft UIInterfaceOrientationLandscapeRight";
				INFOPLIST_KEY_UISupportedInterfaceOrientations_iPhone = "UIInterfaceOrientationPortrait UIInterfaceOrientationLandscapeLeft UIInterfaceOrientationLandscapeRight";
				LD_RUNPATH_SEARCH_PATHS = (
					"$(inherited)",
					"@executable_path/Frameworks",
				);
				MARKETING_VERSION = 1.0;
				PRODUCT_BUNDLE_IDENTIFIER = "com.gmail.smabdirov99.Flash-Chat";
				PRODUCT_NAME = "$(TARGET_NAME)";
				SWIFT_EMIT_LOC_STRINGS = YES;
				SWIFT_VERSION = 5.0;
				TARGETED_DEVICE_FAMILY = "1,2";
			};
			name = Release;
		};
/* End XCBuildConfiguration section */

/* Begin XCConfigurationList section */
		72B3A386285E30CC00A4D58C /* Build configuration list for PBXProject "Flash Chat" */ = {
			isa = XCConfigurationList;
			buildConfigurations = (
				72B3A39D285E30CD00A4D58C /* Debug */,
				72B3A39E285E30CD00A4D58C /* Release */,
			);
			defaultConfigurationIsVisible = 0;
			defaultConfigurationName = Release;
		};
		72B3A39F285E30CD00A4D58C /* Build configuration list for PBXNativeTarget "Flash Chat" */ = {
			isa = XCConfigurationList;
			buildConfigurations = (
				72B3A3A0285E30CD00A4D58C /* Debug */,
				72B3A3A1285E30CD00A4D58C /* Release */,
			);
			defaultConfigurationIsVisible = 0;
			defaultConfigurationName = Release;
		};
/* End XCConfigurationList section */
	};
	rootObject = 72B3A383285E30CC00A4D58C /* Project object */;
}
